// !$*UTF8*$!
{
	archiveVersion = 1;
	classes = {
	};
	objectVersion = 50;
	objects = {

/* Begin PBXBuildFile section */
		D737C61F26529582000D7BEF /* AppDelegate.swift in Sources */ = {isa = PBXBuildFile; fileRef = D737C61E26529582000D7BEF /* AppDelegate.swift */; };
		D737C62126529582000D7BEF /* SceneDelegate.swift in Sources */ = {isa = PBXBuildFile; fileRef = D737C62026529582000D7BEF /* SceneDelegate.swift */; };
		D737C62326529582000D7BEF /* MainViewController.swift in Sources */ = {isa = PBXBuildFile; fileRef = D737C62226529582000D7BEF /* MainViewController.swift */; };
		D737C62626529582000D7BEF /* Main.storyboard in Resources */ = {isa = PBXBuildFile; fileRef = D737C62426529582000D7BEF /* Main.storyboard */; };
		D737C62826529584000D7BEF /* Assets.xcassets in Resources */ = {isa = PBXBuildFile; fileRef = D737C62726529584000D7BEF /* Assets.xcassets */; };
		D737C62B26529584000D7BEF /* LaunchScreen.storyboard in Resources */ = {isa = PBXBuildFile; fileRef = D737C62926529584000D7BEF /* LaunchScreen.storyboard */; };
/* End PBXBuildFile section */

/* Begin PBXFileReference section */
		D737C61B26529581000D7BEF /* CountriesByRegions.app */ = {isa = PBXFileReference; explicitFileType = wrapper.application; includeInIndex = 0; path = CountriesByRegions.app; sourceTree = BUILT_PRODUCTS_DIR; };
		D737C61E26529582000D7BEF /* AppDelegate.swift */ = {isa = PBXFileReference; lastKnownFileType = sourcecode.swift; path = AppDelegate.swift; sourceTree = "<group>"; };
		D737C62026529582000D7BEF /* SceneDelegate.swift */ = {isa = PBXFileReference; lastKnownFileType = sourcecode.swift; path = SceneDelegate.swift; sourceTree = "<group>"; };
		D737C62226529582000D7BEF /* MainViewController.swift */ = {isa = PBXFileReference; lastKnownFileType = sourcecode.swift; path = MainViewController.swift; sourceTree = "<group>"; };
		D737C62526529582000D7BEF /* Base */ = {isa = PBXFileReference; lastKnownFileType = file.storyboard; name = Base; path = Base.lproj/Main.storyboard; sourceTree = "<group>"; };
		D737C62726529584000D7BEF /* Assets.xcassets */ = {isa = PBXFileReference; lastKnownFileType = folder.assetcatalog; path = Assets.xcassets; sourceTree = "<group>"; };
		D737C62A26529584000D7BEF /* Base */ = {isa = PBXFileReference; lastKnownFileType = file.storyboard; name = Base; path = Base.lproj/LaunchScreen.storyboard; sourceTree = "<group>"; };
		D737C62C26529584000D7BEF /* Info.plist */ = {isa = PBXFileReference; lastKnownFileType = text.plist.xml; path = Info.plist; sourceTree = "<group>"; };
/* End PBXFileReference section */

/* Begin PBXFrameworksBuildPhase section */
		D737C61826529581000D7BEF /* Frameworks */ = {
			isa = PBXFrameworksBuildPhase;
			buildActionMask = 2147483647;
			files = (
			);
			runOnlyForDeploymentPostprocessing = 0;
		};
/* End PBXFrameworksBuildPhase section */

/* Begin PBXGroup section */
		D737C61226529581000D7BEF = {
			isa = PBXGroup;
			children = (
				D737C61D26529581000D7BEF /* CountriesByRegions */,
				D737C61C26529581000D7BEF /* Products */,
			);
			sourceTree = "<group>";
		};
		D737C61C26529581000D7BEF /* Products */ = {
			isa = PBXGroup;
			children = (
				D737C61B26529581000D7BEF /* CountriesByRegions.app */,
			);
			name = Products;
			sourceTree = "<group>";
		};
		D737C61D26529581000D7BEF /* CountriesByRegions */ = {
			isa = PBXGroup;
			children = (
				D737C61E26529582000D7BEF /* AppDelegate.swift */,
				D737C62026529582000D7BEF /* SceneDelegate.swift */,
				D737C63326529AAA000D7BEF /* Screens */,
				D737C63226529A34000D7BEF /* Resources */,
			);
			path = CountriesByRegions;
			sourceTree = "<group>";
		};
		D737C63226529A34000D7BEF /* Resources */ = {
			isa = PBXGroup;
			children = (
				D737C62726529584000D7BEF /* Assets.xcassets */,
				D737C62926529584000D7BEF /* LaunchScreen.storyboard */,
				D737C62C26529584000D7BEF /* Info.plist */,
			);
			path = Resources;
			sourceTree = "<group>";
		};
		D737C63326529AAA000D7BEF /* Screens */ = {
			isa = PBXGroup;
			children = (
				D737C63C26529D65000D7BEF /* UI */,
				D737C63426529ABB000D7BEF /* CountriesByRegionsScreen */,
				D737C63526529AD4000D7BEF /* DetailCountryScreen */,
			);
			path = Screens;
			sourceTree = "<group>";
		};
		D737C63426529ABB000D7BEF /* CountriesByRegionsScreen */ = {
			isa = PBXGroup;
			children = (
				D737C63726529B56000D7BEF /* Controller */,
				D737C63B26529CC4000D7BEF /* Views */,
				D737C63826529B61000D7BEF /* DataSources */,
			);
			path = CountriesByRegionsScreen;
			sourceTree = "<group>";
		};
		D737C63526529AD4000D7BEF /* DetailCountryScreen */ = {
			isa = PBXGroup;
			children = (
			);
			path = DetailCountryScreen;
			sourceTree = "<group>";
		};
		D737C63726529B56000D7BEF /* Controller */ = {
			isa = PBXGroup;
			children = (
				D737C62226529582000D7BEF /* MainViewController.swift */,
			);
			path = Controller;
			sourceTree = "<group>";
		};
		D737C63826529B61000D7BEF /* DataSources */ = {
			isa = PBXGroup;
			children = (
				D737C63926529B90000D7BEF /* RegionsCollectionViewDataSource */,
				D737C63A26529BC5000D7BEF /* CountriesTableViewDataSource */,
			);
			path = DataSources;
			sourceTree = "<group>";
		};
		D737C63926529B90000D7BEF /* RegionsCollectionViewDataSource */ = {
			isa = PBXGroup;
			children = (
			);
			path = RegionsCollectionViewDataSource;
			sourceTree = "<group>";
		};
		D737C63A26529BC5000D7BEF /* CountriesTableViewDataSource */ = {
			isa = PBXGroup;
			children = (
			);
			path = CountriesTableViewDataSource;
			sourceTree = "<group>";
		};
		D737C63B26529CC4000D7BEF /* Views */ = {
			isa = PBXGroup;
			children = (
			);
			path = Views;
			sourceTree = "<group>";
		};
		D737C63C26529D65000D7BEF /* UI */ = {
			isa = PBXGroup;
			children = (
				D737C62426529582000D7BEF /* Main.storyboard */,
			);
			path = UI;
			sourceTree = "<group>";
		};
/* End PBXGroup section */

/* Begin PBXNativeTarget section */
		D737C61A26529581000D7BEF /* CountriesByRegions */ = {
			isa = PBXNativeTarget;
			buildConfigurationList = D737C62F26529584000D7BEF /* Build configuration list for PBXNativeTarget "CountriesByRegions" */;
			buildPhases = (
				D737C61726529581000D7BEF /* Sources */,
				D737C61826529581000D7BEF /* Frameworks */,
				D737C61926529581000D7BEF /* Resources */,
			);
			buildRules = (
			);
			dependencies = (
			);
			name = CountriesByRegions;
			productName = CountriesByRegions;
			productReference = D737C61B26529581000D7BEF /* CountriesByRegions.app */;
			productType = "com.apple.product-type.application";
		};
/* End PBXNativeTarget section */

/* Begin PBXProject section */
		D737C61326529581000D7BEF /* Project object */ = {
			isa = PBXProject;
			attributes = {
				LastSwiftUpdateCheck = 1250;
				LastUpgradeCheck = 1250;
				TargetAttributes = {
					D737C61A26529581000D7BEF = {
						CreatedOnToolsVersion = 12.5;
					};
				};
			};
			buildConfigurationList = D737C61626529581000D7BEF /* Build configuration list for PBXProject "CountriesByRegions" */;
			compatibilityVersion = "Xcode 9.3";
			developmentRegion = en;
			hasScannedForEncodings = 0;
			knownRegions = (
				en,
				Base,
			);
			mainGroup = D737C61226529581000D7BEF;
			productRefGroup = D737C61C26529581000D7BEF /* Products */;
			projectDirPath = "";
			projectRoot = "";
			targets = (
				D737C61A26529581000D7BEF /* CountriesByRegions */,
			);
		};
/* End PBXProject section */

/* Begin PBXResourcesBuildPhase section */
		D737C61926529581000D7BEF /* Resources */ = {
			isa = PBXResourcesBuildPhase;
			buildActionMask = 2147483647;
			files = (
				D737C62B26529584000D7BEF /* LaunchScreen.storyboard in Resources */,
				D737C62826529584000D7BEF /* Assets.xcassets in Resources */,
				D737C62626529582000D7BEF /* Main.storyboard in Resources */,
			);
			runOnlyForDeploymentPostprocessing = 0;
		};
/* End PBXResourcesBuildPhase section */

/* Begin PBXSourcesBuildPhase section */
		D737C61726529581000D7BEF /* Sources */ = {
			isa = PBXSourcesBuildPhase;
			buildActionMask = 2147483647;
			files = (
				D737C62326529582000D7BEF /* MainViewController.swift in Sources */,
				D737C61F26529582000D7BEF /* AppDelegate.swift in Sources */,
				D737C62126529582000D7BEF /* SceneDelegate.swift in Sources */,
			);
			runOnlyForDeploymentPostprocessing = 0;
		};
/* End PBXSourcesBuildPhase section */

/* Begin PBXVariantGroup section */
		D737C62426529582000D7BEF /* Main.storyboard */ = {
			isa = PBXVariantGroup;
			children = (
				D737C62526529582000D7BEF /* Base */,
			);
			name = Main.storyboard;
			sourceTree = "<group>";
		};
		D737C62926529584000D7BEF /* LaunchScreen.storyboard */ = {
			isa = PBXVariantGroup;
			children = (
				D737C62A26529584000D7BEF /* Base */,
			);
			name = LaunchScreen.storyboard;
			sourceTree = "<group>";
		};
/* End PBXVariantGroup section */

/* Begin XCBuildConfiguration section */
		D737C62D26529584000D7BEF /* Debug */ = {
			isa = XCBuildConfiguration;
			buildSettings = {
				ALWAYS_SEARCH_USER_PATHS = NO;
				CLANG_ANALYZER_NONNULL = YES;
				CLANG_ANALYZER_NUMBER_OBJECT_CONVERSION = YES_AGGRESSIVE;
				CLANG_CXX_LANGUAGE_STANDARD = "gnu++14";
				CLANG_CXX_LIBRARY = "libc++";
				CLANG_ENABLE_MODULES = YES;
				CLANG_ENABLE_OBJC_ARC = YES;
				CLANG_ENABLE_OBJC_WEAK = YES;
				CLANG_WARN_BLOCK_CAPTURE_AUTORELEASING = YES;
				CLANG_WARN_BOOL_CONVERSION = YES;
				CLANG_WARN_COMMA = YES;
				CLANG_WARN_CONSTANT_CONVERSION = YES;
				CLANG_WARN_DEPRECATED_OBJC_IMPLEMENTATIONS = YES;
				CLANG_WARN_DIRECT_OBJC_ISA_USAGE = YES_ERROR;
				CLANG_WARN_DOCUMENTATION_COMMENTS = YES;
				CLANG_WARN_EMPTY_BODY = YES;
				CLANG_WARN_ENUM_CONVERSION = YES;
				CLANG_WARN_INFINITE_RECURSION = YES;
				CLANG_WARN_INT_CONVERSION = YES;
				CLANG_WARN_NON_LITERAL_NULL_CONVERSION = YES;
				CLANG_WARN_OBJC_IMPLICIT_RETAIN_SELF = YES;
				CLANG_WARN_OBJC_LITERAL_CONVERSION = YES;
				CLANG_WARN_OBJC_ROOT_CLASS = YES_ERROR;
				CLANG_WARN_QUOTED_INCLUDE_IN_FRAMEWORK_HEADER = YES;
				CLANG_WARN_RANGE_LOOP_ANALYSIS = YES;
				CLANG_WARN_STRICT_PROTOTYPES = YES;
				CLANG_WARN_SUSPICIOUS_MOVE = YES;
				CLANG_WARN_UNGUARDED_AVAILABILITY = YES_AGGRESSIVE;
				CLANG_WARN_UNREACHABLE_CODE = YES;
				CLANG_WARN__DUPLICATE_METHOD_MATCH = YES;
				COPY_PHASE_STRIP = NO;
				DEBUG_INFORMATION_FORMAT = dwarf;
				ENABLE_STRICT_OBJC_MSGSEND = YES;
				ENABLE_TESTABILITY = YES;
				GCC_C_LANGUAGE_STANDARD = gnu11;
				GCC_DYNAMIC_NO_PIC = NO;
				GCC_NO_COMMON_BLOCKS = YES;
				GCC_OPTIMIZATION_LEVEL = 0;
				GCC_PREPROCESSOR_DEFINITIONS = (
					"DEBUG=1",
					"$(inherited)",
				);
				GCC_WARN_64_TO_32_BIT_CONVERSION = YES;
				GCC_WARN_ABOUT_RETURN_TYPE = YES_ERROR;
				GCC_WARN_UNDECLARED_SELECTOR = YES;
				GCC_WARN_UNINITIALIZED_AUTOS = YES_AGGRESSIVE;
				GCC_WARN_UNUSED_FUNCTION = YES;
				GCC_WARN_UNUSED_VARIABLE = YES;
				IPHONEOS_DEPLOYMENT_TARGET = 14.5;
				MTL_ENABLE_DEBUG_INFO = INCLUDE_SOURCE;
				MTL_FAST_MATH = YES;
				ONLY_ACTIVE_ARCH = YES;
				SDKROOT = iphoneos;
				SWIFT_ACTIVE_COMPILATION_CONDITIONS = DEBUG;
				SWIFT_OPTIMIZATION_LEVEL = "-Onone";
			};
			name = Debug;
		};
		D737C62E26529584000D7BEF /* Release */ = {
			isa = XCBuildConfiguration;
			buildSettings = {
				ALWAYS_SEARCH_USER_PATHS = NO;
				CLANG_ANALYZER_NONNULL = YES;
				CLANG_ANALYZER_NUMBER_OBJECT_CONVERSION = YES_AGGRESSIVE;
				CLANG_CXX_LANGUAGE_STANDARD = "gnu++14";
				CLANG_CXX_LIBRARY = "libc++";
				CLANG_ENABLE_MODULES = YES;
				CLANG_ENABLE_OBJC_ARC = YES;
				CLANG_ENABLE_OBJC_WEAK = YES;
				CLANG_WARN_BLOCK_CAPTURE_AUTORELEASING = YES;
				CLANG_WARN_BOOL_CONVERSION = YES;
				CLANG_WARN_COMMA = YES;
				CLANG_WARN_CONSTANT_CONVERSION = YES;
				CLANG_WARN_DEPRECATED_OBJC_IMPLEMENTATIONS = YES;
				CLANG_WARN_DIRECT_OBJC_ISA_USAGE = YES_ERROR;
				CLANG_WARN_DOCUMENTATION_COMMENTS = YES;
				CLANG_WARN_EMPTY_BODY = YES;
				CLANG_WARN_ENUM_CONVERSION = YES;
				CLANG_WARN_INFINITE_RECURSION = YES;
				CLANG_WARN_INT_CONVERSION = YES;
				CLANG_WARN_NON_LITERAL_NULL_CONVERSION = YES;
				CLANG_WARN_OBJC_IMPLICIT_RETAIN_SELF = YES;
				CLANG_WARN_OBJC_LITERAL_CONVERSION = YES;
				CLANG_WARN_OBJC_ROOT_CLASS = YES_ERROR;
				CLANG_WARN_QUOTED_INCLUDE_IN_FRAMEWORK_HEADER = YES;
				CLANG_WARN_RANGE_LOOP_ANALYSIS = YES;
				CLANG_WARN_STRICT_PROTOTYPES = YES;
				CLANG_WARN_SUSPICIOUS_MOVE = YES;
				CLANG_WARN_UNGUARDED_AVAILABILITY = YES_AGGRESSIVE;
				CLANG_WARN_UNREACHABLE_CODE = YES;
				CLANG_WARN__DUPLICATE_METHOD_MATCH = YES;
				COPY_PHASE_STRIP = NO;
				DEBUG_INFORMATION_FORMAT = "dwarf-with-dsym";
				ENABLE_NS_ASSERTIONS = NO;
				ENABLE_STRICT_OBJC_MSGSEND = YES;
				GCC_C_LANGUAGE_STANDARD = gnu11;
				GCC_NO_COMMON_BLOCKS = YES;
				GCC_WARN_64_TO_32_BIT_CONVERSION = YES;
				GCC_WARN_ABOUT_RETURN_TYPE = YES_ERROR;
				GCC_WARN_UNDECLARED_SELECTOR = YES;
				GCC_WARN_UNINITIALIZED_AUTOS = YES_AGGRESSIVE;
				GCC_WARN_UNUSED_FUNCTION = YES;
				GCC_WARN_UNUSED_VARIABLE = YES;
				IPHONEOS_DEPLOYMENT_TARGET = 14.5;
				MTL_ENABLE_DEBUG_INFO = NO;
				MTL_FAST_MATH = YES;
				SDKROOT = iphoneos;
				SWIFT_COMPILATION_MODE = wholemodule;
				SWIFT_OPTIMIZATION_LEVEL = "-O";
				VALIDATE_PRODUCT = YES;
			};
			name = Release;
		};
		D737C63026529584000D7BEF /* Debug */ = {
			isa = XCBuildConfiguration;
			buildSettings = {
				ASSETCATALOG_COMPILER_APPICON_NAME = AppIcon;
				ASSETCATALOG_COMPILER_GLOBAL_ACCENT_COLOR_NAME = AccentColor;
				CODE_SIGN_STYLE = Automatic;
				INFOPLIST_FILE = CountriesByRegions/Resources/Info.plist;
				LD_RUNPATH_SEARCH_PATHS = (
					"$(inherited)",
					"@executable_path/Frameworks",
				);
				PRODUCT_BUNDLE_IDENTIFIER = MM.Project.CountriesByRegions;
				PRODUCT_NAME = "$(TARGET_NAME)";
				SWIFT_VERSION = 5.0;
				TARGETED_DEVICE_FAMILY = "1,2";
			};
			name = Debug;
		};
		D737C63126529584000D7BEF /* Release */ = {
			isa = XCBuildConfiguration;
			buildSettings = {
				ASSETCATALOG_COMPILER_APPICON_NAME = AppIcon;
				ASSETCATALOG_COMPILER_GLOBAL_ACCENT_COLOR_NAME = AccentColor;
				CODE_SIGN_STYLE = Automatic;
				INFOPLIST_FILE = CountriesByRegions/Resources/Info.plist;
				LD_RUNPATH_SEARCH_PATHS = (
					"$(inherited)",
					"@executable_path/Frameworks",
				);
				PRODUCT_BUNDLE_IDENTIFIER = MM.Project.CountriesByRegions;
				PRODUCT_NAME = "$(TARGET_NAME)";
				SWIFT_VERSION = 5.0;
				TARGETED_DEVICE_FAMILY = "1,2";
			};
			name = Release;
		};
/* End XCBuildConfiguration section */

/* Begin XCConfigurationList section */
		D737C61626529581000D7BEF /* Build configuration list for PBXProject "CountriesByRegions" */ = {
			isa = XCConfigurationList;
			buildConfigurations = (
				D737C62D26529584000D7BEF /* Debug */,
				D737C62E26529584000D7BEF /* Release */,
			);
			defaultConfigurationIsVisible = 0;
			defaultConfigurationName = Release;
		};
		D737C62F26529584000D7BEF /* Build configuration list for PBXNativeTarget "CountriesByRegions" */ = {
			isa = XCConfigurationList;
			buildConfigurations = (
				D737C63026529584000D7BEF /* Debug */,
				D737C63126529584000D7BEF /* Release */,
			);
			defaultConfigurationIsVisible = 0;
			defaultConfigurationName = Release;
		};
/* End XCConfigurationList section */
	};
	rootObject = D737C61326529581000D7BEF /* Project object */;
}
