// !$*UTF8*$!
{
	archiveVersion = 1;
	classes = {
	};
	objectVersion = 50;
	objects = {

/* Begin PBXBuildFile section */
		D71F9A992657B75300298763 /* Reachability.swift in Sources */ = {isa = PBXBuildFile; fileRef = D71F9A982657B75300298763 /* Reachability.swift */; };
		D737C61F26529582000D7BEF /* AppDelegate.swift in Sources */ = {isa = PBXBuildFile; fileRef = D737C61E26529582000D7BEF /* AppDelegate.swift */; };
		D737C62126529582000D7BEF /* SceneDelegate.swift in Sources */ = {isa = PBXBuildFile; fileRef = D737C62026529582000D7BEF /* SceneDelegate.swift */; };
		D737C62326529582000D7BEF /* MainViewController.swift in Sources */ = {isa = PBXBuildFile; fileRef = D737C62226529582000D7BEF /* MainViewController.swift */; };
		D737C62626529582000D7BEF /* Main.storyboard in Resources */ = {isa = PBXBuildFile; fileRef = D737C62426529582000D7BEF /* Main.storyboard */; };
		D737C62826529584000D7BEF /* Assets.xcassets in Resources */ = {isa = PBXBuildFile; fileRef = D737C62726529584000D7BEF /* Assets.xcassets */; };
		D737C62B26529584000D7BEF /* LaunchScreen.storyboard in Resources */ = {isa = PBXBuildFile; fileRef = D737C62926529584000D7BEF /* LaunchScreen.storyboard */; };
		D737C63E2652ACB5000D7BEF /* RegionsCollectionViewDataSource.swift in Sources */ = {isa = PBXBuildFile; fileRef = D737C63D2652ACB5000D7BEF /* RegionsCollectionViewDataSource.swift */; };
		D737C6442652AD60000D7BEF /* RegionCollectionViewCell.swift in Sources */ = {isa = PBXBuildFile; fileRef = D737C6422652AD60000D7BEF /* RegionCollectionViewCell.swift */; };
		D737C6452652AD60000D7BEF /* RegionCollectionViewCell.xib in Resources */ = {isa = PBXBuildFile; fileRef = D737C6432652AD60000D7BEF /* RegionCollectionViewCell.xib */; };
		D737C6492652B029000D7BEF /* RegionsModel.swift in Sources */ = {isa = PBXBuildFile; fileRef = D737C6482652B029000D7BEF /* RegionsModel.swift */; };
		D737C64E2652B5EF000D7BEF /* StringExtension.swift in Sources */ = {isa = PBXBuildFile; fileRef = D737C64D2652B5EF000D7BEF /* StringExtension.swift */; };
		D737C6522652D3D6000D7BEF /* CountryTableViewCell.swift in Sources */ = {isa = PBXBuildFile; fileRef = D737C6502652D3D6000D7BEF /* CountryTableViewCell.swift */; };
		D737C6532652D3D6000D7BEF /* CountryTableViewCell.xib in Resources */ = {isa = PBXBuildFile; fileRef = D737C6512652D3D6000D7BEF /* CountryTableViewCell.xib */; };
		D737C6552652D474000D7BEF /* CountryTableViewDataSource.swift in Sources */ = {isa = PBXBuildFile; fileRef = D737C6542652D474000D7BEF /* CountryTableViewDataSource.swift */; };
		D737C6582652F40D000D7BEF /* CountryModel.swift in Sources */ = {isa = PBXBuildFile; fileRef = D737C6572652F40D000D7BEF /* CountryModel.swift */; };
		D737C65B2652F455000D7BEF /* NetworkManager.swift in Sources */ = {isa = PBXBuildFile; fileRef = D737C65A2652F455000D7BEF /* NetworkManager.swift */; };
		D737C65D2653091C000D7BEF /* NetworkError.swift in Sources */ = {isa = PBXBuildFile; fileRef = D737C65C2653091C000D7BEF /* NetworkError.swift */; };
		D737C65F26530B73000D7BEF /* HeadersForAPI.swift in Sources */ = {isa = PBXBuildFile; fileRef = D737C65E26530B73000D7BEF /* HeadersForAPI.swift */; };
		D737C6662653D4D0000D7BEF /* DetailViewController.swift in Sources */ = {isa = PBXBuildFile; fileRef = D737C6652653D4D0000D7BEF /* DetailViewController.swift */; };
		D737C6682653D509000D7BEF /* TableViewDataSource.swift in Sources */ = {isa = PBXBuildFile; fileRef = D737C6672653D509000D7BEF /* TableViewDataSource.swift */; };
		D737C66A2653E630000D7BEF /* CountryDetailInfoModel.swift in Sources */ = {isa = PBXBuildFile; fileRef = D737C6692653E630000D7BEF /* CountryDetailInfoModel.swift */; };
		D737C66D265401BA000D7BEF /* CountryDetailInfoTableViewCell.swift in Sources */ = {isa = PBXBuildFile; fileRef = D737C66B265401BA000D7BEF /* CountryDetailInfoTableViewCell.swift */; };
		D737C66E265401BA000D7BEF /* CountryDetailInfoTableViewCell.xib in Resources */ = {isa = PBXBuildFile; fileRef = D737C66C265401BA000D7BEF /* CountryDetailInfoTableViewCell.xib */; };
		D737C67126540448000D7BEF /* Mapper.swift in Sources */ = {isa = PBXBuildFile; fileRef = D737C67026540448000D7BEF /* Mapper.swift */; };
		D737C67326540A11000D7BEF /* DetailInfoModel.swift in Sources */ = {isa = PBXBuildFile; fileRef = D737C67226540A11000D7BEF /* DetailInfoModel.swift */; };
/* End PBXBuildFile section */

/* Begin PBXFileReference section */
		D71F9A982657B75300298763 /* Reachability.swift */ = {isa = PBXFileReference; fileEncoding = 4; lastKnownFileType = sourcecode.swift; path = Reachability.swift; sourceTree = "<group>"; };
		D737C61B26529581000D7BEF /* CountriesByRegions.app */ = {isa = PBXFileReference; explicitFileType = wrapper.application; includeInIndex = 0; path = CountriesByRegions.app; sourceTree = BUILT_PRODUCTS_DIR; };
		D737C61E26529582000D7BEF /* AppDelegate.swift */ = {isa = PBXFileReference; lastKnownFileType = sourcecode.swift; path = AppDelegate.swift; sourceTree = "<group>"; };
		D737C62026529582000D7BEF /* SceneDelegate.swift */ = {isa = PBXFileReference; lastKnownFileType = sourcecode.swift; path = SceneDelegate.swift; sourceTree = "<group>"; };
		D737C62226529582000D7BEF /* MainViewController.swift */ = {isa = PBXFileReference; lastKnownFileType = sourcecode.swift; path = MainViewController.swift; sourceTree = "<group>"; };
		D737C62526529582000D7BEF /* Base */ = {isa = PBXFileReference; lastKnownFileType = file.storyboard; name = Base; path = Base.lproj/Main.storyboard; sourceTree = "<group>"; };
		D737C62726529584000D7BEF /* Assets.xcassets */ = {isa = PBXFileReference; lastKnownFileType = folder.assetcatalog; path = Assets.xcassets; sourceTree = "<group>"; };
		D737C62A26529584000D7BEF /* Base */ = {isa = PBXFileReference; lastKnownFileType = file.storyboard; name = Base; path = Base.lproj/LaunchScreen.storyboard; sourceTree = "<group>"; };
		D737C62C26529584000D7BEF /* Info.plist */ = {isa = PBXFileReference; lastKnownFileType = text.plist.xml; path = Info.plist; sourceTree = "<group>"; };
		D737C63D2652ACB5000D7BEF /* RegionsCollectionViewDataSource.swift */ = {isa = PBXFileReference; lastKnownFileType = sourcecode.swift; path = RegionsCollectionViewDataSource.swift; sourceTree = "<group>"; };
		D737C6422652AD60000D7BEF /* RegionCollectionViewCell.swift */ = {isa = PBXFileReference; lastKnownFileType = sourcecode.swift; path = RegionCollectionViewCell.swift; sourceTree = "<group>"; };
		D737C6432652AD60000D7BEF /* RegionCollectionViewCell.xib */ = {isa = PBXFileReference; lastKnownFileType = file.xib; path = RegionCollectionViewCell.xib; sourceTree = "<group>"; };
		D737C6482652B029000D7BEF /* RegionsModel.swift */ = {isa = PBXFileReference; lastKnownFileType = sourcecode.swift; path = RegionsModel.swift; sourceTree = "<group>"; };
		D737C64D2652B5EF000D7BEF /* StringExtension.swift */ = {isa = PBXFileReference; lastKnownFileType = sourcecode.swift; path = StringExtension.swift; sourceTree = "<group>"; };
		D737C6502652D3D6000D7BEF /* CountryTableViewCell.swift */ = {isa = PBXFileReference; lastKnownFileType = sourcecode.swift; path = CountryTableViewCell.swift; sourceTree = "<group>"; };
		D737C6512652D3D6000D7BEF /* CountryTableViewCell.xib */ = {isa = PBXFileReference; lastKnownFileType = file.xib; path = CountryTableViewCell.xib; sourceTree = "<group>"; };
		D737C6542652D474000D7BEF /* CountryTableViewDataSource.swift */ = {isa = PBXFileReference; lastKnownFileType = sourcecode.swift; path = CountryTableViewDataSource.swift; sourceTree = "<group>"; };
		D737C6572652F40D000D7BEF /* CountryModel.swift */ = {isa = PBXFileReference; lastKnownFileType = sourcecode.swift; path = CountryModel.swift; sourceTree = "<group>"; };
		D737C65A2652F455000D7BEF /* NetworkManager.swift */ = {isa = PBXFileReference; lastKnownFileType = sourcecode.swift; path = NetworkManager.swift; sourceTree = "<group>"; };
		D737C65C2653091C000D7BEF /* NetworkError.swift */ = {isa = PBXFileReference; lastKnownFileType = sourcecode.swift; path = NetworkError.swift; sourceTree = "<group>"; };
		D737C65E26530B73000D7BEF /* HeadersForAPI.swift */ = {isa = PBXFileReference; lastKnownFileType = sourcecode.swift; path = HeadersForAPI.swift; sourceTree = "<group>"; };
		D737C6652653D4D0000D7BEF /* DetailViewController.swift */ = {isa = PBXFileReference; lastKnownFileType = sourcecode.swift; path = DetailViewController.swift; sourceTree = "<group>"; };
		D737C6672653D509000D7BEF /* TableViewDataSource.swift */ = {isa = PBXFileReference; lastKnownFileType = sourcecode.swift; path = TableViewDataSource.swift; sourceTree = "<group>"; };
		D737C6692653E630000D7BEF /* CountryDetailInfoModel.swift */ = {isa = PBXFileReference; lastKnownFileType = sourcecode.swift; path = CountryDetailInfoModel.swift; sourceTree = "<group>"; };
		D737C66B265401BA000D7BEF /* CountryDetailInfoTableViewCell.swift */ = {isa = PBXFileReference; lastKnownFileType = sourcecode.swift; path = CountryDetailInfoTableViewCell.swift; sourceTree = "<group>"; };
		D737C66C265401BA000D7BEF /* CountryDetailInfoTableViewCell.xib */ = {isa = PBXFileReference; lastKnownFileType = file.xib; path = CountryDetailInfoTableViewCell.xib; sourceTree = "<group>"; };
		D737C67026540448000D7BEF /* Mapper.swift */ = {isa = PBXFileReference; lastKnownFileType = sourcecode.swift; path = Mapper.swift; sourceTree = "<group>"; };
		D737C67226540A11000D7BEF /* DetailInfoModel.swift */ = {isa = PBXFileReference; lastKnownFileType = sourcecode.swift; path = DetailInfoModel.swift; sourceTree = "<group>"; };
/* End PBXFileReference section */

/* Begin PBXFrameworksBuildPhase section */
		D737C61826529581000D7BEF /* Frameworks */ = {
			isa = PBXFrameworksBuildPhase;
			buildActionMask = 2147483647;
			files = (
			);
			runOnlyForDeploymentPostprocessing = 0;
		};
/* End PBXFrameworksBuildPhase section */

/* Begin PBXGroup section */
		D737C61226529581000D7BEF = {
			isa = PBXGroup;
			children = (
				D737C61D26529581000D7BEF /* CountriesByRegions */,
				D737C61C26529581000D7BEF /* Products */,
			);
			sourceTree = "<group>";
		};
		D737C61C26529581000D7BEF /* Products */ = {
			isa = PBXGroup;
			children = (
				D737C61B26529581000D7BEF /* CountriesByRegions.app */,
			);
			name = Products;
			sourceTree = "<group>";
		};
		D737C61D26529581000D7BEF /* CountriesByRegions */ = {
			isa = PBXGroup;
			children = (
				D737C61E26529582000D7BEF /* AppDelegate.swift */,
				D737C62026529582000D7BEF /* SceneDelegate.swift */,
				D737C6592652F441000D7BEF /* NetworkManager */,
				D737C6462652B002000D7BEF /* Models */,
				D737C63326529AAA000D7BEF /* Screens */,
				D737C63226529A34000D7BEF /* Resources */,
				D737C64A2652B597000D7BEF /* Helper */,
			);
			path = CountriesByRegions;
			sourceTree = "<group>";
		};
		D737C63226529A34000D7BEF /* Resources */ = {
			isa = PBXGroup;
			children = (
				D737C62726529584000D7BEF /* Assets.xcassets */,
				D737C62926529584000D7BEF /* LaunchScreen.storyboard */,
				D737C62C26529584000D7BEF /* Info.plist */,
			);
			path = Resources;
			sourceTree = "<group>";
		};
		D737C63326529AAA000D7BEF /* Screens */ = {
			isa = PBXGroup;
			children = (
				D737C63C26529D65000D7BEF /* UI */,
				D737C63426529ABB000D7BEF /* CountriesByRegionsScreen */,
				D737C63526529AD4000D7BEF /* DetailCountryScreen */,
			);
			path = Screens;
			sourceTree = "<group>";
		};
		D737C63426529ABB000D7BEF /* CountriesByRegionsScreen */ = {
			isa = PBXGroup;
			children = (
				D737C63726529B56000D7BEF /* Controller */,
				D737C63B26529CC4000D7BEF /* Views */,
				D737C63826529B61000D7BEF /* DataSources */,
			);
			path = CountriesByRegionsScreen;
			sourceTree = "<group>";
		};
		D737C63526529AD4000D7BEF /* DetailCountryScreen */ = {
			isa = PBXGroup;
			children = (
				D737C6622653D47A000D7BEF /* Controller */,
				D737C6632653D485000D7BEF /* View */,
				D737C6642653D48F000D7BEF /* TableViewDataSource */,
			);
			path = DetailCountryScreen;
			sourceTree = "<group>";
		};
		D737C63726529B56000D7BEF /* Controller */ = {
			isa = PBXGroup;
			children = (
				D737C62226529582000D7BEF /* MainViewController.swift */,
			);
			path = Controller;
			sourceTree = "<group>";
		};
		D737C63826529B61000D7BEF /* DataSources */ = {
			isa = PBXGroup;
			children = (
				D737C63926529B90000D7BEF /* RegionsCollectionViewDataSource */,
				D737C63A26529BC5000D7BEF /* CountriesTableViewDataSource */,
			);
			path = DataSources;
			sourceTree = "<group>";
		};
		D737C63926529B90000D7BEF /* RegionsCollectionViewDataSource */ = {
			isa = PBXGroup;
			children = (
				D737C63D2652ACB5000D7BEF /* RegionsCollectionViewDataSource.swift */,
			);
			path = RegionsCollectionViewDataSource;
			sourceTree = "<group>";
		};
		D737C63A26529BC5000D7BEF /* CountriesTableViewDataSource */ = {
			isa = PBXGroup;
			children = (
				D737C6542652D474000D7BEF /* CountryTableViewDataSource.swift */,
			);
			path = CountriesTableViewDataSource;
			sourceTree = "<group>";
		};
		D737C63B26529CC4000D7BEF /* Views */ = {
			isa = PBXGroup;
			children = (
				D737C63F2652AD19000D7BEF /* RegionCollectionViewCell */,
				D737C64F2652D3A2000D7BEF /* CountryTableViewCell */,
			);
			path = Views;
			sourceTree = "<group>";
		};
		D737C63C26529D65000D7BEF /* UI */ = {
			isa = PBXGroup;
			children = (
				D737C62426529582000D7BEF /* Main.storyboard */,
			);
			path = UI;
			sourceTree = "<group>";
		};
		D737C63F2652AD19000D7BEF /* RegionCollectionViewCell */ = {
			isa = PBXGroup;
			children = (
				D737C6422652AD60000D7BEF /* RegionCollectionViewCell.swift */,
				D737C6432652AD60000D7BEF /* RegionCollectionViewCell.xib */,
			);
			path = RegionCollectionViewCell;
			sourceTree = "<group>";
		};
		D737C6462652B002000D7BEF /* Models */ = {
			isa = PBXGroup;
			children = (
				D737C6472652B016000D7BEF /* RegionsModel */,
				D737C6562652F3E9000D7BEF /* CountryModels */,
			);
			path = Models;
			sourceTree = "<group>";
		};
		D737C6472652B016000D7BEF /* RegionsModel */ = {
			isa = PBXGroup;
			children = (
				D737C6482652B029000D7BEF /* RegionsModel.swift */,
			);
			path = RegionsModel;
			sourceTree = "<group>";
		};
		D737C64A2652B597000D7BEF /* Helper */ = {
			isa = PBXGroup;
			children = (
				D737C67A2656E5F1000D7BEF /* NetworkCheck */,
				D737C66F26540436000D7BEF /* Mapping */,
				D737C64B2652B5C7000D7BEF /* Extension */,
			);
			path = Helper;
			sourceTree = "<group>";
		};
		D737C64B2652B5C7000D7BEF /* Extension */ = {
			isa = PBXGroup;
			children = (
				D737C64C2652B5D4000D7BEF /* String */,
			);
			path = Extension;
			sourceTree = "<group>";
		};
		D737C64C2652B5D4000D7BEF /* String */ = {
			isa = PBXGroup;
			children = (
				D737C64D2652B5EF000D7BEF /* StringExtension.swift */,
			);
			path = String;
			sourceTree = "<group>";
		};
		D737C64F2652D3A2000D7BEF /* CountryTableViewCell */ = {
			isa = PBXGroup;
			children = (
				D737C6502652D3D6000D7BEF /* CountryTableViewCell.swift */,
				D737C6512652D3D6000D7BEF /* CountryTableViewCell.xib */,
			);
			path = CountryTableViewCell;
			sourceTree = "<group>";
		};
		D737C6562652F3E9000D7BEF /* CountryModels */ = {
			isa = PBXGroup;
			children = (
				D737C6572652F40D000D7BEF /* CountryModel.swift */,
				D737C6692653E630000D7BEF /* CountryDetailInfoModel.swift */,
				D737C67226540A11000D7BEF /* DetailInfoModel.swift */,
			);
			path = CountryModels;
			sourceTree = "<group>";
		};
		D737C6592652F441000D7BEF /* NetworkManager */ = {
			isa = PBXGroup;
			children = (
				D737C65A2652F455000D7BEF /* NetworkManager.swift */,
				D737C65C2653091C000D7BEF /* NetworkError.swift */,
				D737C65E26530B73000D7BEF /* HeadersForAPI.swift */,
			);
			path = NetworkManager;
			sourceTree = "<group>";
		};
		D737C6622653D47A000D7BEF /* Controller */ = {
			isa = PBXGroup;
			children = (
				D737C6652653D4D0000D7BEF /* DetailViewController.swift */,
			);
			path = Controller;
			sourceTree = "<group>";
		};
		D737C6632653D485000D7BEF /* View */ = {
			isa = PBXGroup;
			children = (
				D737C66B265401BA000D7BEF /* CountryDetailInfoTableViewCell.swift */,
				D737C66C265401BA000D7BEF /* CountryDetailInfoTableViewCell.xib */,
			);
			path = View;
			sourceTree = "<group>";
		};
		D737C6642653D48F000D7BEF /* TableViewDataSource */ = {
			isa = PBXGroup;
			children = (
				D737C6672653D509000D7BEF /* TableViewDataSource.swift */,
			);
			path = TableViewDataSource;
			sourceTree = "<group>";
		};
		D737C66F26540436000D7BEF /* Mapping */ = {
			isa = PBXGroup;
			children = (
				D737C67026540448000D7BEF /* Mapper.swift */,
			);
			path = Mapping;
			sourceTree = "<group>";
		};
		D737C67A2656E5F1000D7BEF /* NetworkCheck */ = {
			isa = PBXGroup;
			children = (
				D71F9A982657B75300298763 /* Reachability.swift */,
			);
			path = NetworkCheck;
			sourceTree = "<group>";
		};
/* End PBXGroup section */

/* Begin PBXNativeTarget section */
		D737C61A26529581000D7BEF /* CountriesByRegions */ = {
			isa = PBXNativeTarget;
			buildConfigurationList = D737C62F26529584000D7BEF /* Build configuration list for PBXNativeTarget "CountriesByRegions" */;
			buildPhases = (
				D737C61726529581000D7BEF /* Sources */,
				D737C61826529581000D7BEF /* Frameworks */,
				D737C61926529581000D7BEF /* Resources */,
			);
			buildRules = (
			);
			dependencies = (
			);
			name = CountriesByRegions;
			productName = CountriesByRegions;
			productReference = D737C61B26529581000D7BEF /* CountriesByRegions.app */;
			productType = "com.apple.product-type.application";
		};
/* End PBXNativeTarget section */

/* Begin PBXProject section */
		D737C61326529581000D7BEF /* Project object */ = {
			isa = PBXProject;
			attributes = {
				LastSwiftUpdateCheck = 1250;
				LastUpgradeCheck = 1250;
				TargetAttributes = {
					D737C61A26529581000D7BEF = {
						CreatedOnToolsVersion = 12.5;
					};
				};
			};
			buildConfigurationList = D737C61626529581000D7BEF /* Build configuration list for PBXProject "CountriesByRegions" */;
			compatibilityVersion = "Xcode 9.3";
			developmentRegion = en;
			hasScannedForEncodings = 0;
			knownRegions = (
				en,
				Base,
			);
			mainGroup = D737C61226529581000D7BEF;
			productRefGroup = D737C61C26529581000D7BEF /* Products */;
			projectDirPath = "";
			projectRoot = "";
			targets = (
				D737C61A26529581000D7BEF /* CountriesByRegions */,
			);
		};
/* End PBXProject section */

/* Begin PBXResourcesBuildPhase section */
		D737C61926529581000D7BEF /* Resources */ = {
			isa = PBXResourcesBuildPhase;
			buildActionMask = 2147483647;
			files = (
				D737C6452652AD60000D7BEF /* RegionCollectionViewCell.xib in Resources */,
				D737C66E265401BA000D7BEF /* CountryDetailInfoTableViewCell.xib in Resources */,
				D737C62B26529584000D7BEF /* LaunchScreen.storyboard in Resources */,
				D737C62826529584000D7BEF /* Assets.xcassets in Resources */,
				D737C62626529582000D7BEF /* Main.storyboard in Resources */,
				D737C6532652D3D6000D7BEF /* CountryTableViewCell.xib in Resources */,
			);
			runOnlyForDeploymentPostprocessing = 0;
		};
/* End PBXResourcesBuildPhase section */

/* Begin PBXSourcesBuildPhase section */
		D737C61726529581000D7BEF /* Sources */ = {
			isa = PBXSourcesBuildPhase;
			buildActionMask = 2147483647;
			files = (
				D737C67126540448000D7BEF /* Mapper.swift in Sources */,
				D737C62326529582000D7BEF /* MainViewController.swift in Sources */,
				D737C64E2652B5EF000D7BEF /* StringExtension.swift in Sources */,
				D737C65F26530B73000D7BEF /* HeadersForAPI.swift in Sources */,
				D737C6492652B029000D7BEF /* RegionsModel.swift in Sources */,
				D737C63E2652ACB5000D7BEF /* RegionsCollectionViewDataSource.swift in Sources */,
				D737C65B2652F455000D7BEF /* NetworkManager.swift in Sources */,
				D737C67326540A11000D7BEF /* DetailInfoModel.swift in Sources */,
				D737C6582652F40D000D7BEF /* CountryModel.swift in Sources */,
				D737C6522652D3D6000D7BEF /* CountryTableViewCell.swift in Sources */,
				D737C6552652D474000D7BEF /* CountryTableViewDataSource.swift in Sources */,
				D737C61F26529582000D7BEF /* AppDelegate.swift in Sources */,
				D737C65D2653091C000D7BEF /* NetworkError.swift in Sources */,
				D737C6682653D509000D7BEF /* TableViewDataSource.swift in Sources */,
				D737C66A2653E630000D7BEF /* CountryDetailInfoModel.swift in Sources */,
				D737C62126529582000D7BEF /* SceneDelegate.swift in Sources */,
				D737C66D265401BA000D7BEF /* CountryDetailInfoTableViewCell.swift in Sources */,
				D737C6442652AD60000D7BEF /* RegionCollectionViewCell.swift in Sources */,
				D71F9A992657B75300298763 /* Reachability.swift in Sources */,
				D737C6662653D4D0000D7BEF /* DetailViewController.swift in Sources */,
			);
			runOnlyForDeploymentPostprocessing = 0;
		};
/* End PBXSourcesBuildPhase section */

/* Begin PBXVariantGroup section */
		D737C62426529582000D7BEF /* Main.storyboard */ = {
			isa = PBXVariantGroup;
			children = (
				D737C62526529582000D7BEF /* Base */,
			);
			name = Main.storyboard;
			sourceTree = "<group>";
		};
		D737C62926529584000D7BEF /* LaunchScreen.storyboard */ = {
			isa = PBXVariantGroup;
			children = (
				D737C62A26529584000D7BEF /* Base */,
			);
			name = LaunchScreen.storyboard;
			sourceTree = "<group>";
		};
/* End PBXVariantGroup section */

/* Begin XCBuildConfiguration section */
		D737C62D26529584000D7BEF /* Debug */ = {
			isa = XCBuildConfiguration;
			buildSettings = {
				ALWAYS_SEARCH_USER_PATHS = NO;
				CLANG_ANALYZER_NONNULL = YES;
				CLANG_ANALYZER_NUMBER_OBJECT_CONVERSION = YES_AGGRESSIVE;
				CLANG_CXX_LANGUAGE_STANDARD = "gnu++14";
				CLANG_CXX_LIBRARY = "libc++";
				CLANG_ENABLE_MODULES = YES;
				CLANG_ENABLE_OBJC_ARC = YES;
				CLANG_ENABLE_OBJC_WEAK = YES;
				CLANG_WARN_BLOCK_CAPTURE_AUTORELEASING = YES;
				CLANG_WARN_BOOL_CONVERSION = YES;
				CLANG_WARN_COMMA = YES;
				CLANG_WARN_CONSTANT_CONVERSION = YES;
				CLANG_WARN_DEPRECATED_OBJC_IMPLEMENTATIONS = YES;
				CLANG_WARN_DIRECT_OBJC_ISA_USAGE = YES_ERROR;
				CLANG_WARN_DOCUMENTATION_COMMENTS = YES;
				CLANG_WARN_EMPTY_BODY = YES;
				CLANG_WARN_ENUM_CONVERSION = YES;
				CLANG_WARN_INFINITE_RECURSION = YES;
				CLANG_WARN_INT_CONVERSION = YES;
				CLANG_WARN_NON_LITERAL_NULL_CONVERSION = YES;
				CLANG_WARN_OBJC_IMPLICIT_RETAIN_SELF = YES;
				CLANG_WARN_OBJC_LITERAL_CONVERSION = YES;
				CLANG_WARN_OBJC_ROOT_CLASS = YES_ERROR;
				CLANG_WARN_QUOTED_INCLUDE_IN_FRAMEWORK_HEADER = YES;
				CLANG_WARN_RANGE_LOOP_ANALYSIS = YES;
				CLANG_WARN_STRICT_PROTOTYPES = YES;
				CLANG_WARN_SUSPICIOUS_MOVE = YES;
				CLANG_WARN_UNGUARDED_AVAILABILITY = YES_AGGRESSIVE;
				CLANG_WARN_UNREACHABLE_CODE = YES;
				CLANG_WARN__DUPLICATE_METHOD_MATCH = YES;
				COPY_PHASE_STRIP = NO;
				DEBUG_INFORMATION_FORMAT = dwarf;
				ENABLE_STRICT_OBJC_MSGSEND = YES;
				ENABLE_TESTABILITY = YES;
				GCC_C_LANGUAGE_STANDARD = gnu11;
				GCC_DYNAMIC_NO_PIC = NO;
				GCC_NO_COMMON_BLOCKS = YES;
				GCC_OPTIMIZATION_LEVEL = 0;
				GCC_PREPROCESSOR_DEFINITIONS = (
					"DEBUG=1",
					"$(inherited)",
				);
				GCC_WARN_64_TO_32_BIT_CONVERSION = YES;
				GCC_WARN_ABOUT_RETURN_TYPE = YES_ERROR;
				GCC_WARN_UNDECLARED_SELECTOR = YES;
				GCC_WARN_UNINITIALIZED_AUTOS = YES_AGGRESSIVE;
				GCC_WARN_UNUSED_FUNCTION = YES;
				GCC_WARN_UNUSED_VARIABLE = YES;
				IPHONEOS_DEPLOYMENT_TARGET = 14.5;
				MTL_ENABLE_DEBUG_INFO = INCLUDE_SOURCE;
				MTL_FAST_MATH = YES;
				ONLY_ACTIVE_ARCH = YES;
				SDKROOT = iphoneos;
				SWIFT_ACTIVE_COMPILATION_CONDITIONS = DEBUG;
				SWIFT_OPTIMIZATION_LEVEL = "-Onone";
			};
			name = Debug;
		};
		D737C62E26529584000D7BEF /* Release */ = {
			isa = XCBuildConfiguration;
			buildSettings = {
				ALWAYS_SEARCH_USER_PATHS = NO;
				CLANG_ANALYZER_NONNULL = YES;
				CLANG_ANALYZER_NUMBER_OBJECT_CONVERSION = YES_AGGRESSIVE;
				CLANG_CXX_LANGUAGE_STANDARD = "gnu++14";
				CLANG_CXX_LIBRARY = "libc++";
				CLANG_ENABLE_MODULES = YES;
				CLANG_ENABLE_OBJC_ARC = YES;
				CLANG_ENABLE_OBJC_WEAK = YES;
				CLANG_WARN_BLOCK_CAPTURE_AUTORELEASING = YES;
				CLANG_WARN_BOOL_CONVERSION = YES;
				CLANG_WARN_COMMA = YES;
				CLANG_WARN_CONSTANT_CONVERSION = YES;
				CLANG_WARN_DEPRECATED_OBJC_IMPLEMENTATIONS = YES;
				CLANG_WARN_DIRECT_OBJC_ISA_USAGE = YES_ERROR;
				CLANG_WARN_DOCUMENTATION_COMMENTS = YES;
				CLANG_WARN_EMPTY_BODY = YES;
				CLANG_WARN_ENUM_CONVERSION = YES;
				CLANG_WARN_INFINITE_RECURSION = YES;
				CLANG_WARN_INT_CONVERSION = YES;
				CLANG_WARN_NON_LITERAL_NULL_CONVERSION = YES;
				CLANG_WARN_OBJC_IMPLICIT_RETAIN_SELF = YES;
				CLANG_WARN_OBJC_LITERAL_CONVERSION = YES;
				CLANG_WARN_OBJC_ROOT_CLASS = YES_ERROR;
				CLANG_WARN_QUOTED_INCLUDE_IN_FRAMEWORK_HEADER = YES;
				CLANG_WARN_RANGE_LOOP_ANALYSIS = YES;
				CLANG_WARN_STRICT_PROTOTYPES = YES;
				CLANG_WARN_SUSPICIOUS_MOVE = YES;
				CLANG_WARN_UNGUARDED_AVAILABILITY = YES_AGGRESSIVE;
				CLANG_WARN_UNREACHABLE_CODE = YES;
				CLANG_WARN__DUPLICATE_METHOD_MATCH = YES;
				COPY_PHASE_STRIP = NO;
				DEBUG_INFORMATION_FORMAT = "dwarf-with-dsym";
				ENABLE_NS_ASSERTIONS = NO;
				ENABLE_STRICT_OBJC_MSGSEND = YES;
				GCC_C_LANGUAGE_STANDARD = gnu11;
				GCC_NO_COMMON_BLOCKS = YES;
				GCC_WARN_64_TO_32_BIT_CONVERSION = YES;
				GCC_WARN_ABOUT_RETURN_TYPE = YES_ERROR;
				GCC_WARN_UNDECLARED_SELECTOR = YES;
				GCC_WARN_UNINITIALIZED_AUTOS = YES_AGGRESSIVE;
				GCC_WARN_UNUSED_FUNCTION = YES;
				GCC_WARN_UNUSED_VARIABLE = YES;
				IPHONEOS_DEPLOYMENT_TARGET = 14.5;
				MTL_ENABLE_DEBUG_INFO = NO;
				MTL_FAST_MATH = YES;
				SDKROOT = iphoneos;
				SWIFT_COMPILATION_MODE = wholemodule;
				SWIFT_OPTIMIZATION_LEVEL = "-O";
				VALIDATE_PRODUCT = YES;
			};
			name = Release;
		};
		D737C63026529584000D7BEF /* Debug */ = {
			isa = XCBuildConfiguration;
			buildSettings = {
				ASSETCATALOG_COMPILER_APPICON_NAME = AppIcon;
				ASSETCATALOG_COMPILER_GLOBAL_ACCENT_COLOR_NAME = AccentColor;
				CODE_SIGN_STYLE = Automatic;
				INFOPLIST_FILE = CountriesByRegions/Resources/Info.plist;
				LD_RUNPATH_SEARCH_PATHS = (
					"$(inherited)",
					"@executable_path/Frameworks",
				);
				PRODUCT_BUNDLE_IDENTIFIER = MM.Project.CountriesByRegions;
				PRODUCT_NAME = "$(TARGET_NAME)";
				SWIFT_VERSION = 5.0;
				TARGETED_DEVICE_FAMILY = "1,2";
			};
			name = Debug;
		};
		D737C63126529584000D7BEF /* Release */ = {
			isa = XCBuildConfiguration;
			buildSettings = {
				ASSETCATALOG_COMPILER_APPICON_NAME = AppIcon;
				ASSETCATALOG_COMPILER_GLOBAL_ACCENT_COLOR_NAME = AccentColor;
				CODE_SIGN_STYLE = Automatic;
				INFOPLIST_FILE = CountriesByRegions/Resources/Info.plist;
				LD_RUNPATH_SEARCH_PATHS = (
					"$(inherited)",
					"@executable_path/Frameworks",
				);
				PRODUCT_BUNDLE_IDENTIFIER = MM.Project.CountriesByRegions;
				PRODUCT_NAME = "$(TARGET_NAME)";
				SWIFT_VERSION = 5.0;
				TARGETED_DEVICE_FAMILY = "1,2";
			};
			name = Release;
		};
/* End XCBuildConfiguration section */

/* Begin XCConfigurationList section */
		D737C61626529581000D7BEF /* Build configuration list for PBXProject "CountriesByRegions" */ = {
			isa = XCConfigurationList;
			buildConfigurations = (
				D737C62D26529584000D7BEF /* Debug */,
				D737C62E26529584000D7BEF /* Release */,
			);
			defaultConfigurationIsVisible = 0;
			defaultConfigurationName = Release;
		};
		D737C62F26529584000D7BEF /* Build configuration list for PBXNativeTarget "CountriesByRegions" */ = {
			isa = XCConfigurationList;
			buildConfigurations = (
				D737C63026529584000D7BEF /* Debug */,
				D737C63126529584000D7BEF /* Release */,
			);
			defaultConfigurationIsVisible = 0;
			defaultConfigurationName = Release;
		};
/* End XCConfigurationList section */
	};
	rootObject = D737C61326529581000D7BEF /* Project object */;
}
